
Microsoft Visual Studio Solution File, Format Version 12.00
# Visual Studio 15
Project("{FAE04EC0-301F-11D3-BF4B-00C04F79EFBC}") = "Project_Fulcrum.Plugins", "Project_Fulcrum.Plugins.csproj", "{DB0FEF71-9203-82C6-A382-0CA8C5B16F20}"
EndProject
Project("{FAE04EC0-301F-11D3-BF4B-00C04F79EFBC}") = "Project_Fulcrum", "Project_Fulcrum.csproj", "{11726AB2-EC63-E6FC-19AE-25F8A9F0C621}"
EndProject
Project("{FAE04EC0-301F-11D3-BF4B-00C04F79EFBC}") = "Project_Fulcrum.Editor.Plugins", "Project_Fulcrum.Editor.Plugins.csproj", "{80B32BC9-15AB-68B2-F85B-8013690375F9}"
EndProject
Project("{FAE04EC0-301F-11D3-BF4B-00C04F79EFBC}") = "Project_Fulcrum.Editor", "Project_Fulcrum.Editor.csproj", "{1C273FF1-D0C6-F35F-EDA9-F7531C3EAC9F}"
EndProject
Global
	GlobalSection(SolutionConfigurationPlatforms) = preSolution
		Debug|Any CPU = Debug|Any CPU
		Release|Any CPU = Release|Any CPU
	EndGlobalSection
	GlobalSection(ProjectConfigurationPlatforms) = postSolution
		{DB0FEF71-9203-82C6-A382-0CA8C5B16F20}.Debug|Any CPU.ActiveCfg = Debug|Any CPU
		{DB0FEF71-9203-82C6-A382-0CA8C5B16F20}.Debug|Any CPU.Build.0 = Debug|Any CPU
		{DB0FEF71-9203-82C6-A382-0CA8C5B16F20}.Release|Any CPU.ActiveCfg = Release|Any CPU
		{DB0FEF71-9203-82C6-A382-0CA8C5B16F20}.Release|Any CPU.Build.0 = Release|Any CPU
		{11726AB2-EC63-E6FC-19AE-25F8A9F0C621}.Debug|Any CPU.ActiveCfg = Debug|Any CPU
		{11726AB2-EC63-E6FC-19AE-25F8A9F0C621}.Debug|Any CPU.Build.0 = Debug|Any CPU
		{11726AB2-EC63-E6FC-19AE-25F8A9F0C621}.Release|Any CPU.ActiveCfg = Release|Any CPU
		{11726AB2-EC63-E6FC-19AE-25F8A9F0C621}.Release|Any CPU.Build.0 = Release|Any CPU
		{80B32BC9-15AB-68B2-F85B-8013690375F9}.Debug|Any CPU.ActiveCfg = Debug|Any CPU
		{80B32BC9-15AB-68B2-F85B-8013690375F9}.Debug|Any CPU.Build.0 = Debug|Any CPU
		{80B32BC9-15AB-68B2-F85B-8013690375F9}.Release|Any CPU.ActiveCfg = Release|Any CPU
		{80B32BC9-15AB-68B2-F85B-8013690375F9}.Release|Any CPU.Build.0 = Release|Any CPU
		{1C273FF1-D0C6-F35F-EDA9-F7531C3EAC9F}.Debug|Any CPU.ActiveCfg = Debug|Any CPU
		{1C273FF1-D0C6-F35F-EDA9-F7531C3EAC9F}.Debug|Any CPU.Build.0 = Debug|Any CPU
		{1C273FF1-D0C6-F35F-EDA9-F7531C3EAC9F}.Release|Any CPU.ActiveCfg = Release|Any CPU
		{1C273FF1-D0C6-F35F-EDA9-F7531C3EAC9F}.Release|Any CPU.Build.0 = Release|Any CPU
	EndGlobalSection
	GlobalSection(SolutionProperties) = preSolution
		HideSolutionNode = FALSE
	EndGlobalSection
EndGlobal
